// !$*UTF8*$!
{
	archiveVersion = 1;
	classes = {
	};
	objectVersion = 46;
	objects = {

/* Begin PBXBuildFile section */
		BC43800B18A9875F00E268E8 /* InfoPlist.strings in Resources */ = {isa = PBXBuildFile; fileRef = BC43800918A9875F00E268E8 /* InfoPlist.strings */; };
		BC43801418A9888A00E268E8 /* Localizable.strings in Resources */ = {isa = PBXBuildFile; fileRef = BC43801618A9888A00E268E8 /* Localizable.strings */; };
		BC43801918A988C400E268E8 /* LKDateTemplate.plist in Resources */ = {isa = PBXBuildFile; fileRef = BC43801818A988C400E268E8 /* LKDateTemplate.plist */; };
		BC43801D18A9926500E268E8 /* LKDateUtility-Resources.bundle in Resources */ = {isa = PBXBuildFile; fileRef = BC43800418A9875F00E268E8 /* LKDateUtility-Resources.bundle */; };
		BC43802418A996BE00E268E8 /* LKDateUtilityBundle.m in Sources */ = {isa = PBXBuildFile; fileRef = BC43802318A996BE00E268E8 /* LKDateUtilityBundle.m */; };
		BC43802518A996BE00E268E8 /* LKDateUtilityBundle.m in Sources */ = {isa = PBXBuildFile; fileRef = BC43802318A996BE00E268E8 /* LKDateUtilityBundle.m */; };
		BCF2E31D18A3395A00906E47 /* Foundation.framework in Frameworks */ = {isa = PBXBuildFile; fileRef = BCF2E31C18A3395A00906E47 /* Foundation.framework */; };
		BCF2E31F18A3395A00906E47 /* CoreGraphics.framework in Frameworks */ = {isa = PBXBuildFile; fileRef = BCF2E31E18A3395A00906E47 /* CoreGraphics.framework */; };
		BCF2E32118A3395A00906E47 /* UIKit.framework in Frameworks */ = {isa = PBXBuildFile; fileRef = BCF2E32018A3395A00906E47 /* UIKit.framework */; };
		BCF2E32718A3395A00906E47 /* InfoPlist.strings in Resources */ = {isa = PBXBuildFile; fileRef = BCF2E32518A3395A00906E47 /* InfoPlist.strings */; };
		BCF2E32918A3395A00906E47 /* main.m in Sources */ = {isa = PBXBuildFile; fileRef = BCF2E32818A3395A00906E47 /* main.m */; };
		BCF2E32D18A3395A00906E47 /* LKAppDelegate.m in Sources */ = {isa = PBXBuildFile; fileRef = BCF2E32C18A3395A00906E47 /* LKAppDelegate.m */; };
		BCF2E32F18A3395A00906E47 /* Images.xcassets in Resources */ = {isa = PBXBuildFile; fileRef = BCF2E32E18A3395A00906E47 /* Images.xcassets */; };
		BCF2E33618A3395A00906E47 /* XCTest.framework in Frameworks */ = {isa = PBXBuildFile; fileRef = BCF2E33518A3395A00906E47 /* XCTest.framework */; };
		BCF2E33718A3395A00906E47 /* Foundation.framework in Frameworks */ = {isa = PBXBuildFile; fileRef = BCF2E31C18A3395A00906E47 /* Foundation.framework */; };
		BCF2E33818A3395A00906E47 /* UIKit.framework in Frameworks */ = {isa = PBXBuildFile; fileRef = BCF2E32018A3395A00906E47 /* UIKit.framework */; };
		BCF2E34018A3395A00906E47 /* InfoPlist.strings in Resources */ = {isa = PBXBuildFile; fileRef = BCF2E33E18A3395A00906E47 /* InfoPlist.strings */; };
		BCF2E34218A3395A00906E47 /* LKDateUtilityTests.m in Sources */ = {isa = PBXBuildFile; fileRef = BCF2E34118A3395A00906E47 /* LKDateUtilityTests.m */; };
		BCF2E34E18A33A8900906E47 /* LKDateUtility.m in Sources */ = {isa = PBXBuildFile; fileRef = BCF2E34D18A33A8900906E47 /* LKDateUtility.m */; };
		BCF2E34F18A33A8900906E47 /* LKDateUtility.m in Sources */ = {isa = PBXBuildFile; fileRef = BCF2E34D18A33A8900906E47 /* LKDateUtility.m */; };
		BCF2E35218A33ABD00906E47 /* LKDateFormatUtility.m in Sources */ = {isa = PBXBuildFile; fileRef = BCF2E35118A33ABD00906E47 /* LKDateFormatUtility.m */; };
		BCF2E35318A33ABD00906E47 /* LKDateFormatUtility.m in Sources */ = {isa = PBXBuildFile; fileRef = BCF2E35118A33ABD00906E47 /* LKDateFormatUtility.m */; };
		BCF2E35618A33B2400906E47 /* LKDateRotation.m in Sources */ = {isa = PBXBuildFile; fileRef = BCF2E35518A33B2400906E47 /* LKDateRotation.m */; };
		BCF2E35718A33B2400906E47 /* LKDateRotation.m in Sources */ = {isa = PBXBuildFile; fileRef = BCF2E35518A33B2400906E47 /* LKDateRotation.m */; };
		BCF2E35918A38B0100906E47 /* LKDateRotationTests.m in Sources */ = {isa = PBXBuildFile; fileRef = BCF2E35818A38B0100906E47 /* LKDateRotationTests.m */; };
		BCF2E36118A607CC00906E47 /* LKDateWeekUtility.m in Sources */ = {isa = PBXBuildFile; fileRef = BCF2E36018A607CC00906E47 /* LKDateWeekUtility.m */; };
		BCF2E36218A607CC00906E47 /* LKDateWeekUtility.m in Sources */ = {isa = PBXBuildFile; fileRef = BCF2E36018A607CC00906E47 /* LKDateWeekUtility.m */; };
		BCF2E37418A8B18000906E47 /* LKDateTemplate.m in Sources */ = {isa = PBXBuildFile; fileRef = BCF2E37318A8B18000906E47 /* LKDateTemplate.m */; };
		BCF2E37518A8B18000906E47 /* LKDateTemplate.m in Sources */ = {isa = PBXBuildFile; fileRef = BCF2E37318A8B18000906E47 /* LKDateTemplate.m */; };
		BCF2E37E18A901C400906E47 /* LKDateTemplateTests.m in Sources */ = {isa = PBXBuildFile; fileRef = BCF2E37D18A901C400906E47 /* LKDateTemplateTests.m */; };
/* End PBXBuildFile section */

/* Begin PBXContainerItemProxy section */
		BC43801A18A98A0100E268E8 /* PBXContainerItemProxy */ = {
			isa = PBXContainerItemProxy;
			containerPortal = BCF2E31118A3395A00906E47 /* Project object */;
			proxyType = 1;
			remoteGlobalIDString = BC43800318A9875F00E268E8;
			remoteInfo = "LKDateUtility-Resources";
		};
		BCF2E33918A3395A00906E47 /* PBXContainerItemProxy */ = {
			isa = PBXContainerItemProxy;
			containerPortal = BCF2E31118A3395A00906E47 /* Project object */;
			proxyType = 1;
			remoteGlobalIDString = BCF2E31818A3395A00906E47;
			remoteInfo = LKDateUtility;
		};
/* End PBXContainerItemProxy section */

/* Begin PBXFileReference section */
		BC437FF418A9865900E268E8 /* CoreFoundation.framework */ = {isa = PBXFileReference; lastKnownFileType = wrapper.framework; name = CoreFoundation.framework; path = System/Library/Frameworks/CoreFoundation.framework; sourceTree = SDKROOT; };
		BC43800418A9875F00E268E8 /* LKDateUtility-Resources.bundle */ = {isa = PBXFileReference; explicitFileType = wrapper.cfbundle; includeInIndex = 0; path = "LKDateUtility-Resources.bundle"; sourceTree = BUILT_PRODUCTS_DIR; };
		BC43800818A9875F00E268E8 /* LKDateUtility-Resources-Info.plist */ = {isa = PBXFileReference; lastKnownFileType = text.plist.xml; path = "LKDateUtility-Resources-Info.plist"; sourceTree = "<group>"; };
		BC43800A18A9875F00E268E8 /* en */ = {isa = PBXFileReference; lastKnownFileType = text.plist.strings; name = en; path = en.lproj/InfoPlist.strings; sourceTree = "<group>"; };
		BC43800C18A9875F00E268E8 /* LKDateUtility-Resources-Prefix.pch */ = {isa = PBXFileReference; lastKnownFileType = sourcecode.c.h; path = "LKDateUtility-Resources-Prefix.pch"; sourceTree = "<group>"; };
		BC43801518A9888A00E268E8 /* en */ = {isa = PBXFileReference; lastKnownFileType = file; name = en; path = en.lproj/Localizable.strings; sourceTree = "<group>"; };
		BC43801718A9888E00E268E8 /* ja */ = {isa = PBXFileReference; lastKnownFileType = file; name = ja; path = ja.lproj/Localizable.strings; sourceTree = "<group>"; };
		BC43801818A988C400E268E8 /* LKDateTemplate.plist */ = {isa = PBXFileReference; fileEncoding = 4; lastKnownFileType = text.plist.xml; path = LKDateTemplate.plist; sourceTree = "<group>"; };
		BC43802218A996BE00E268E8 /* LKDateUtilityBundle.h */ = {isa = PBXFileReference; fileEncoding = 4; lastKnownFileType = sourcecode.c.h; path = LKDateUtilityBundle.h; sourceTree = "<group>"; };
		BC43802318A996BE00E268E8 /* LKDateUtilityBundle.m */ = {isa = PBXFileReference; fileEncoding = 4; lastKnownFileType = sourcecode.c.objc; path = LKDateUtilityBundle.m; sourceTree = "<group>"; };
		BCF2E31918A3395A00906E47 /* LKDateUtility.app */ = {isa = PBXFileReference; explicitFileType = wrapper.application; includeInIndex = 0; path = LKDateUtility.app; sourceTree = BUILT_PRODUCTS_DIR; };
		BCF2E31C18A3395A00906E47 /* Foundation.framework */ = {isa = PBXFileReference; lastKnownFileType = wrapper.framework; name = Foundation.framework; path = System/Library/Frameworks/Foundation.framework; sourceTree = SDKROOT; };
		BCF2E31E18A3395A00906E47 /* CoreGraphics.framework */ = {isa = PBXFileReference; lastKnownFileType = wrapper.framework; name = CoreGraphics.framework; path = System/Library/Frameworks/CoreGraphics.framework; sourceTree = SDKROOT; };
		BCF2E32018A3395A00906E47 /* UIKit.framework */ = {isa = PBXFileReference; lastKnownFileType = wrapper.framework; name = UIKit.framework; path = System/Library/Frameworks/UIKit.framework; sourceTree = SDKROOT; };
		BCF2E32418A3395A00906E47 /* LKDateUtility-Info.plist */ = {isa = PBXFileReference; lastKnownFileType = text.plist.xml; path = "LKDateUtility-Info.plist"; sourceTree = "<group>"; };
		BCF2E32618A3395A00906E47 /* en */ = {isa = PBXFileReference; lastKnownFileType = text.plist.strings; name = en; path = en.lproj/InfoPlist.strings; sourceTree = "<group>"; };
		BCF2E32818A3395A00906E47 /* main.m */ = {isa = PBXFileReference; lastKnownFileType = sourcecode.c.objc; path = main.m; sourceTree = "<group>"; };
		BCF2E32A18A3395A00906E47 /* LKDateUtility-Prefix.pch */ = {isa = PBXFileReference; lastKnownFileType = sourcecode.c.h; path = "LKDateUtility-Prefix.pch"; sourceTree = "<group>"; };
		BCF2E32B18A3395A00906E47 /* LKAppDelegate.h */ = {isa = PBXFileReference; lastKnownFileType = sourcecode.c.h; path = LKAppDelegate.h; sourceTree = "<group>"; };
		BCF2E32C18A3395A00906E47 /* LKAppDelegate.m */ = {isa = PBXFileReference; lastKnownFileType = sourcecode.c.objc; path = LKAppDelegate.m; sourceTree = "<group>"; };
		BCF2E32E18A3395A00906E47 /* Images.xcassets */ = {isa = PBXFileReference; lastKnownFileType = folder.assetcatalog; path = Images.xcassets; sourceTree = "<group>"; };
		BCF2E33418A3395A00906E47 /* LKDateUtilityTests.xctest */ = {isa = PBXFileReference; explicitFileType = wrapper.cfbundle; includeInIndex = 0; path = LKDateUtilityTests.xctest; sourceTree = BUILT_PRODUCTS_DIR; };
		BCF2E33518A3395A00906E47 /* XCTest.framework */ = {isa = PBXFileReference; lastKnownFileType = wrapper.framework; name = XCTest.framework; path = Library/Frameworks/XCTest.framework; sourceTree = DEVELOPER_DIR; };
		BCF2E33D18A3395A00906E47 /* LKDateUtilityTests-Info.plist */ = {isa = PBXFileReference; lastKnownFileType = text.plist.xml; path = "LKDateUtilityTests-Info.plist"; sourceTree = "<group>"; };
		BCF2E33F18A3395A00906E47 /* en */ = {isa = PBXFileReference; lastKnownFileType = text.plist.strings; name = en; path = en.lproj/InfoPlist.strings; sourceTree = "<group>"; };
		BCF2E34118A3395A00906E47 /* LKDateUtilityTests.m */ = {isa = PBXFileReference; lastKnownFileType = sourcecode.c.objc; path = LKDateUtilityTests.m; sourceTree = "<group>"; };
		BCF2E34C18A33A8900906E47 /* LKDateUtility.h */ = {isa = PBXFileReference; fileEncoding = 4; lastKnownFileType = sourcecode.c.h; path = LKDateUtility.h; sourceTree = "<group>"; };
		BCF2E34D18A33A8900906E47 /* LKDateUtility.m */ = {isa = PBXFileReference; fileEncoding = 4; lastKnownFileType = sourcecode.c.objc; path = LKDateUtility.m; sourceTree = "<group>"; };
		BCF2E35018A33ABD00906E47 /* LKDateFormatUtility.h */ = {isa = PBXFileReference; fileEncoding = 4; lastKnownFileType = sourcecode.c.h; path = LKDateFormatUtility.h; sourceTree = "<group>"; };
		BCF2E35118A33ABD00906E47 /* LKDateFormatUtility.m */ = {isa = PBXFileReference; fileEncoding = 4; lastKnownFileType = sourcecode.c.objc; path = LKDateFormatUtility.m; sourceTree = "<group>"; };
		BCF2E35418A33B2400906E47 /* LKDateRotation.h */ = {isa = PBXFileReference; fileEncoding = 4; lastKnownFileType = sourcecode.c.h; path = LKDateRotation.h; sourceTree = "<group>"; };
		BCF2E35518A33B2400906E47 /* LKDateRotation.m */ = {isa = PBXFileReference; fileEncoding = 4; lastKnownFileType = sourcecode.c.objc; path = LKDateRotation.m; sourceTree = "<group>"; };
		BCF2E35818A38B0100906E47 /* LKDateRotationTests.m */ = {isa = PBXFileReference; fileEncoding = 4; lastKnownFileType = sourcecode.c.objc; path = LKDateRotationTests.m; sourceTree = "<group>"; };
		BCF2E35E18A5AA9600906E47 /* LKDateUtility.podspec */ = {isa = PBXFileReference; lastKnownFileType = text; path = LKDateUtility.podspec; sourceTree = "<group>"; };
		BCF2E35F18A607CC00906E47 /* LKDateWeekUtility.h */ = {isa = PBXFileReference; fileEncoding = 4; lastKnownFileType = sourcecode.c.h; path = LKDateWeekUtility.h; sourceTree = "<group>"; };
		BCF2E36018A607CC00906E47 /* LKDateWeekUtility.m */ = {isa = PBXFileReference; fileEncoding = 4; lastKnownFileType = sourcecode.c.objc; path = LKDateWeekUtility.m; sourceTree = "<group>"; };
		BCF2E37218A8B18000906E47 /* LKDateTemplate.h */ = {isa = PBXFileReference; fileEncoding = 4; lastKnownFileType = sourcecode.c.h; path = LKDateTemplate.h; sourceTree = "<group>"; };
		BCF2E37318A8B18000906E47 /* LKDateTemplate.m */ = {isa = PBXFileReference; fileEncoding = 4; lastKnownFileType = sourcecode.c.objc; path = LKDateTemplate.m; sourceTree = "<group>"; };
		BCF2E37D18A901C400906E47 /* LKDateTemplateTests.m */ = {isa = PBXFileReference; fileEncoding = 4; lastKnownFileType = sourcecode.c.objc; path = LKDateTemplateTests.m; sourceTree = "<group>"; };
/* End PBXFileReference section */

/* Begin PBXFrameworksBuildPhase section */
		BC43800118A9875F00E268E8 /* Frameworks */ = {
			isa = PBXFrameworksBuildPhase;
			buildActionMask = 2147483647;
			files = (
			);
			runOnlyForDeploymentPostprocessing = 0;
		};
		BCF2E31618A3395A00906E47 /* Frameworks */ = {
			isa = PBXFrameworksBuildPhase;
			buildActionMask = 2147483647;
			files = (
				BCF2E31F18A3395A00906E47 /* CoreGraphics.framework in Frameworks */,
				BCF2E32118A3395A00906E47 /* UIKit.framework in Frameworks */,
				BCF2E31D18A3395A00906E47 /* Foundation.framework in Frameworks */,
			);
			runOnlyForDeploymentPostprocessing = 0;
		};
		BCF2E33118A3395A00906E47 /* Frameworks */ = {
			isa = PBXFrameworksBuildPhase;
			buildActionMask = 2147483647;
			files = (
				BCF2E33618A3395A00906E47 /* XCTest.framework in Frameworks */,
				BCF2E33818A3395A00906E47 /* UIKit.framework in Frameworks */,
				BCF2E33718A3395A00906E47 /* Foundation.framework in Frameworks */,
			);
			runOnlyForDeploymentPostprocessing = 0;
		};
/* End PBXFrameworksBuildPhase section */

/* Begin PBXGroup section */
		BC43800618A9875F00E268E8 /* LKDateUtility-Resources */ = {
			isa = PBXGroup;
			children = (
				BC43801818A988C400E268E8 /* LKDateTemplate.plist */,
				BC43801618A9888A00E268E8 /* Localizable.strings */,
				BC43800718A9875F00E268E8 /* Supporting Files */,
			);
			path = "LKDateUtility-Resources";
			sourceTree = "<group>";
		};
		BC43800718A9875F00E268E8 /* Supporting Files */ = {
			isa = PBXGroup;
			children = (
				BC43800818A9875F00E268E8 /* LKDateUtility-Resources-Info.plist */,
				BC43800918A9875F00E268E8 /* InfoPlist.strings */,
				BC43800C18A9875F00E268E8 /* LKDateUtility-Resources-Prefix.pch */,
			);
			name = "Supporting Files";
			sourceTree = "<group>";
		};
		BCF2E31018A3395A00906E47 = {
			isa = PBXGroup;
			children = (
				BCF2E35D18A5AA8100906E47 /* CocoaPods */,
				BCF2E37618A8EDF700906E47 /* Resources */,
				BCF2E34B18A33A6F00906E47 /* Classes */,
				BCF2E32218A3395A00906E47 /* Examples */,
				BCF2E33B18A3395A00906E47 /* Tests */,
				BC43800618A9875F00E268E8 /* LKDateUtility-Resources */,
				BCF2E31B18A3395A00906E47 /* Frameworks */,
				BCF2E31A18A3395A00906E47 /* Products */,
			);
			sourceTree = "<group>";
		};
		BCF2E31A18A3395A00906E47 /* Products */ = {
			isa = PBXGroup;
			children = (
				BCF2E31918A3395A00906E47 /* LKDateUtility.app */,
				BCF2E33418A3395A00906E47 /* LKDateUtilityTests.xctest */,
				BC43800418A9875F00E268E8 /* LKDateUtility-Resources.bundle */,
			);
			name = Products;
			sourceTree = "<group>";
		};
		BCF2E31B18A3395A00906E47 /* Frameworks */ = {
			isa = PBXGroup;
			children = (
				BCF2E31C18A3395A00906E47 /* Foundation.framework */,
				BCF2E31E18A3395A00906E47 /* CoreGraphics.framework */,
				BCF2E32018A3395A00906E47 /* UIKit.framework */,
				BCF2E33518A3395A00906E47 /* XCTest.framework */,
				BC437FF418A9865900E268E8 /* CoreFoundation.framework */,
			);
			name = Frameworks;
			sourceTree = "<group>";
		};
		BCF2E32218A3395A00906E47 /* Examples */ = {
			isa = PBXGroup;
			children = (
				BCF2E32B18A3395A00906E47 /* LKAppDelegate.h */,
				BCF2E32C18A3395A00906E47 /* LKAppDelegate.m */,
				BCF2E32E18A3395A00906E47 /* Images.xcassets */,
				BCF2E32318A3395A00906E47 /* Supporting Files */,
			);
			path = Examples;
			sourceTree = "<group>";
		};
		BCF2E32318A3395A00906E47 /* Supporting Files */ = {
			isa = PBXGroup;
			children = (
				BCF2E32418A3395A00906E47 /* LKDateUtility-Info.plist */,
				BCF2E32518A3395A00906E47 /* InfoPlist.strings */,
				BCF2E32818A3395A00906E47 /* main.m */,
				BCF2E32A18A3395A00906E47 /* LKDateUtility-Prefix.pch */,
			);
			name = "Supporting Files";
			sourceTree = "<group>";
		};
		BCF2E33B18A3395A00906E47 /* Tests */ = {
			isa = PBXGroup;
			children = (
				BCF2E34118A3395A00906E47 /* LKDateUtilityTests.m */,
				BCF2E35818A38B0100906E47 /* LKDateRotationTests.m */,
				BCF2E37D18A901C400906E47 /* LKDateTemplateTests.m */,
				BCF2E33C18A3395A00906E47 /* Supporting Files */,
			);
			path = Tests;
			sourceTree = "<group>";
		};
		BCF2E33C18A3395A00906E47 /* Supporting Files */ = {
			isa = PBXGroup;
			children = (
				BCF2E33D18A3395A00906E47 /* LKDateUtilityTests-Info.plist */,
				BCF2E33E18A3395A00906E47 /* InfoPlist.strings */,
			);
			name = "Supporting Files";
			sourceTree = "<group>";
		};
		BCF2E34B18A33A6F00906E47 /* Classes */ = {
			isa = PBXGroup;
			children = (
				BCF2E34C18A33A8900906E47 /* LKDateUtility.h */,
				BCF2E34D18A33A8900906E47 /* LKDateUtility.m */,
				BCF2E35018A33ABD00906E47 /* LKDateFormatUtility.h */,
				BCF2E35118A33ABD00906E47 /* LKDateFormatUtility.m */,
				BCF2E35418A33B2400906E47 /* LKDateRotation.h */,
				BCF2E35518A33B2400906E47 /* LKDateRotation.m */,
				BCF2E35F18A607CC00906E47 /* LKDateWeekUtility.h */,
				BCF2E36018A607CC00906E47 /* LKDateWeekUtility.m */,
				BCF2E37218A8B18000906E47 /* LKDateTemplate.h */,
				BCF2E37318A8B18000906E47 /* LKDateTemplate.m */,
				BC43802218A996BE00E268E8 /* LKDateUtilityBundle.h */,
				BC43802318A996BE00E268E8 /* LKDateUtilityBundle.m */,
			);
			path = Classes;
			sourceTree = "<group>";
		};
		BCF2E35D18A5AA8100906E47 /* CocoaPods */ = {
			isa = PBXGroup;
			children = (
				BCF2E35E18A5AA9600906E47 /* LKDateUtility.podspec */,
			);
			name = CocoaPods;
			sourceTree = "<group>";
		};
		BCF2E37618A8EDF700906E47 /* Resources */ = {
			isa = PBXGroup;
			children = (
			);
			path = Resources;
			sourceTree = "<group>";
		};
/* End PBXGroup section */

/* Begin PBXNativeTarget section */
		BC43800318A9875F00E268E8 /* LKDateUtility-Resources */ = {
			isa = PBXNativeTarget;
			buildConfigurationList = BC43800D18A9876000E268E8 /* Build configuration list for PBXNativeTarget "LKDateUtility-Resources" */;
			buildPhases = (
				BC43800018A9875F00E268E8 /* Sources */,
				BC43800118A9875F00E268E8 /* Frameworks */,
				BC43800218A9875F00E268E8 /* Resources */,
			);
			buildRules = (
			);
			dependencies = (
			);
			name = "LKDateUtility-Resources";
			productName = "LKDateUtility-Resources";
			productReference = BC43800418A9875F00E268E8 /* LKDateUtility-Resources.bundle */;
			productType = "com.apple.product-type.bundle";
		};
		BCF2E31818A3395A00906E47 /* LKDateUtility */ = {
			isa = PBXNativeTarget;
			buildConfigurationList = BCF2E34518A3395A00906E47 /* Build configuration list for PBXNativeTarget "LKDateUtility" */;
			buildPhases = (
				BCF2E31518A3395A00906E47 /* Sources */,
				BCF2E31618A3395A00906E47 /* Frameworks */,
				BCF2E31718A3395A00906E47 /* Resources */,
			);
			buildRules = (
			);
			dependencies = (
				BC43801B18A98A0100E268E8 /* PBXTargetDependency */,
			);
			name = LKDateUtility;
			productName = LKDateUtility;
			productReference = BCF2E31918A3395A00906E47 /* LKDateUtility.app */;
			productType = "com.apple.product-type.application";
		};
		BCF2E33318A3395A00906E47 /* LKDateUtilityTests */ = {
			isa = PBXNativeTarget;
			buildConfigurationList = BCF2E34818A3395A00906E47 /* Build configuration list for PBXNativeTarget "LKDateUtilityTests" */;
			buildPhases = (
				BCF2E33018A3395A00906E47 /* Sources */,
				BCF2E33118A3395A00906E47 /* Frameworks */,
				BCF2E33218A3395A00906E47 /* Resources */,
			);
			buildRules = (
			);
			dependencies = (
				BCF2E33A18A3395A00906E47 /* PBXTargetDependency */,
			);
			name = LKDateUtilityTests;
			productName = LKDateUtilityTests;
			productReference = BCF2E33418A3395A00906E47 /* LKDateUtilityTests.xctest */;
			productType = "com.apple.product-type.bundle.unit-test";
		};
/* End PBXNativeTarget section */

/* Begin PBXProject section */
		BCF2E31118A3395A00906E47 /* Project object */ = {
			isa = PBXProject;
			attributes = {
				CLASSPREFIX = LK;
				LastUpgradeCheck = 0500;
				ORGANIZATIONNAME = lakesoft;
				TargetAttributes = {
					BCF2E33318A3395A00906E47 = {
						TestTargetID = BCF2E31818A3395A00906E47;
					};
				};
			};
			buildConfigurationList = BCF2E31418A3395A00906E47 /* Build configuration list for PBXProject "LKDateUtility" */;
			compatibilityVersion = "Xcode 3.2";
			developmentRegion = English;
			hasScannedForEncodings = 0;
			knownRegions = (
				en,
				ja,
			);
			mainGroup = BCF2E31018A3395A00906E47;
			productRefGroup = BCF2E31A18A3395A00906E47 /* Products */;
			projectDirPath = "";
			projectRoot = "";
			targets = (
				BCF2E31818A3395A00906E47 /* LKDateUtility */,
				BCF2E33318A3395A00906E47 /* LKDateUtilityTests */,
				BC43800318A9875F00E268E8 /* LKDateUtility-Resources */,
			);
		};
/* End PBXProject section */

/* Begin PBXResourcesBuildPhase section */
		BC43800218A9875F00E268E8 /* Resources */ = {
			isa = PBXResourcesBuildPhase;
			buildActionMask = 2147483647;
			files = (
				BC43801918A988C400E268E8 /* LKDateTemplate.plist in Resources */,
				BC43800B18A9875F00E268E8 /* InfoPlist.strings in Resources */,
				BC43801418A9888A00E268E8 /* Localizable.strings in Resources */,
			);
			runOnlyForDeploymentPostprocessing = 0;
		};
		BCF2E31718A3395A00906E47 /* Resources */ = {
			isa = PBXResourcesBuildPhase;
			buildActionMask = 2147483647;
			files = (
				BC43801D18A9926500E268E8 /* LKDateUtility-Resources.bundle in Resources */,
				BCF2E32718A3395A00906E47 /* InfoPlist.strings in Resources */,
				BCF2E32F18A3395A00906E47 /* Images.xcassets in Resources */,
			);
			runOnlyForDeploymentPostprocessing = 0;
		};
		BCF2E33218A3395A00906E47 /* Resources */ = {
			isa = PBXResourcesBuildPhase;
			buildActionMask = 2147483647;
			files = (
				BCF2E34018A3395A00906E47 /* InfoPlist.strings in Resources */,
			);
			runOnlyForDeploymentPostprocessing = 0;
		};
/* End PBXResourcesBuildPhase section */

/* Begin PBXSourcesBuildPhase section */
		BC43800018A9875F00E268E8 /* Sources */ = {
			isa = PBXSourcesBuildPhase;
			buildActionMask = 2147483647;
			files = (
			);
			runOnlyForDeploymentPostprocessing = 0;
		};
		BCF2E31518A3395A00906E47 /* Sources */ = {
			isa = PBXSourcesBuildPhase;
			buildActionMask = 2147483647;
			files = (
				BCF2E32918A3395A00906E47 /* main.m in Sources */,
				BCF2E36118A607CC00906E47 /* LKDateWeekUtility.m in Sources */,
				BCF2E37418A8B18000906E47 /* LKDateTemplate.m in Sources */,
				BC43802418A996BE00E268E8 /* LKDateUtilityBundle.m in Sources */,
				BCF2E32D18A3395A00906E47 /* LKAppDelegate.m in Sources */,
				BCF2E35218A33ABD00906E47 /* LKDateFormatUtility.m in Sources */,
				BCF2E34E18A33A8900906E47 /* LKDateUtility.m in Sources */,
				BCF2E35618A33B2400906E47 /* LKDateRotation.m in Sources */,
			);
			runOnlyForDeploymentPostprocessing = 0;
		};
		BCF2E33018A3395A00906E47 /* Sources */ = {
			isa = PBXSourcesBuildPhase;
			buildActionMask = 2147483647;
			files = (
				BCF2E35718A33B2400906E47 /* LKDateRotation.m in Sources */,
				BCF2E36218A607CC00906E47 /* LKDateWeekUtility.m in Sources */,
				BCF2E37518A8B18000906E47 /* LKDateTemplate.m in Sources */,
				BCF2E35918A38B0100906E47 /* LKDateRotationTests.m in Sources */,
				BC43802518A996BE00E268E8 /* LKDateUtilityBundle.m in Sources */,
				BCF2E37E18A901C400906E47 /* LKDateTemplateTests.m in Sources */,
				BCF2E34218A3395A00906E47 /* LKDateUtilityTests.m in Sources */,
				BCF2E35318A33ABD00906E47 /* LKDateFormatUtility.m in Sources */,
				BCF2E34F18A33A8900906E47 /* LKDateUtility.m in Sources */,
			);
			runOnlyForDeploymentPostprocessing = 0;
		};
/* End PBXSourcesBuildPhase section */

/* Begin PBXTargetDependency section */
		BC43801B18A98A0100E268E8 /* PBXTargetDependency */ = {
			isa = PBXTargetDependency;
			target = BC43800318A9875F00E268E8 /* LKDateUtility-Resources */;
			targetProxy = BC43801A18A98A0100E268E8 /* PBXContainerItemProxy */;
		};
		BCF2E33A18A3395A00906E47 /* PBXTargetDependency */ = {
			isa = PBXTargetDependency;
			target = BCF2E31818A3395A00906E47 /* LKDateUtility */;
			targetProxy = BCF2E33918A3395A00906E47 /* PBXContainerItemProxy */;
		};
/* End PBXTargetDependency section */

/* Begin PBXVariantGroup section */
		BC43800918A9875F00E268E8 /* InfoPlist.strings */ = {
			isa = PBXVariantGroup;
			children = (
				BC43800A18A9875F00E268E8 /* en */,
			);
			name = InfoPlist.strings;
			sourceTree = "<group>";
		};
		BC43801618A9888A00E268E8 /* Localizable.strings */ = {
			isa = PBXVariantGroup;
			children = (
				BC43801518A9888A00E268E8 /* en */,
				BC43801718A9888E00E268E8 /* ja */,
			);
			name = Localizable.strings;
			sourceTree = "<group>";
		};
		BCF2E32518A3395A00906E47 /* InfoPlist.strings */ = {
			isa = PBXVariantGroup;
			children = (
				BCF2E32618A3395A00906E47 /* en */,
			);
			name = InfoPlist.strings;
			sourceTree = "<group>";
		};
		BCF2E33E18A3395A00906E47 /* InfoPlist.strings */ = {
			isa = PBXVariantGroup;
			children = (
				BCF2E33F18A3395A00906E47 /* en */,
			);
			name = InfoPlist.strings;
			sourceTree = "<group>";
		};
/* End PBXVariantGroup section */

/* Begin XCBuildConfiguration section */
		BC43800E18A9876000E268E8 /* Debug */ = {
			isa = XCBuildConfiguration;
			buildSettings = {
				COMBINE_HIDPI_IMAGES = YES;
				GCC_ENABLE_OBJC_EXCEPTIONS = YES;
				GCC_PRECOMPILE_PREFIX_HEADER = YES;
				GCC_PREFIX_HEADER = "LKDateUtility-Resources/LKDateUtility-Resources-Prefix.pch";
				GCC_PREPROCESSOR_DEFINITIONS = (
					"DEBUG=1",
					"$(inherited)",
				);
				INFOPLIST_FILE = "LKDateUtility-Resources/LKDateUtility-Resources-Info.plist";
				MACOSX_DEPLOYMENT_TARGET = "";
				PRODUCT_NAME = "$(TARGET_NAME)";
				SDKROOT = iphoneos;
				SKIP_INSTALL = YES;
				WRAPPER_EXTENSION = bundle;
			};
			name = Debug;
		};
		BC43800F18A9876000E268E8 /* Release */ = {
			isa = XCBuildConfiguration;
			buildSettings = {
				COMBINE_HIDPI_IMAGES = YES;
				DEBUG_INFORMATION_FORMAT = "dwarf-with-dsym";
				GCC_ENABLE_OBJC_EXCEPTIONS = YES;
				GCC_PRECOMPILE_PREFIX_HEADER = YES;
				GCC_PREFIX_HEADER = "LKDateUtility-Resources/LKDateUtility-Resources-Prefix.pch";
				INFOPLIST_FILE = "LKDateUtility-Resources/LKDateUtility-Resources-Info.plist";
				MACOSX_DEPLOYMENT_TARGET = "";
				PRODUCT_NAME = "$(TARGET_NAME)";
				SDKROOT = iphoneos;
				SKIP_INSTALL = YES;
				WRAPPER_EXTENSION = bundle;
			};
			name = Release;
		};
		BCF2E34318A3395A00906E47 /* Debug */ = {
			isa = XCBuildConfiguration;
			buildSettings = {
				ALWAYS_SEARCH_USER_PATHS = NO;
				ARCHS = "$(ARCHS_STANDARD_INCLUDING_64_BIT)";
				CLANG_CXX_LANGUAGE_STANDARD = "gnu++0x";
				CLANG_CXX_LIBRARY = "libc++";
				CLANG_ENABLE_MODULES = YES;
				CLANG_ENABLE_OBJC_ARC = YES;
				CLANG_WARN_BOOL_CONVERSION = YES;
				CLANG_WARN_CONSTANT_CONVERSION = YES;
				CLANG_WARN_DIRECT_OBJC_ISA_USAGE = YES_ERROR;
				CLANG_WARN_EMPTY_BODY = YES;
				CLANG_WARN_ENUM_CONVERSION = YES;
				CLANG_WARN_INT_CONVERSION = YES;
				CLANG_WARN_OBJC_ROOT_CLASS = YES_ERROR;
				CLANG_WARN__DUPLICATE_METHOD_MATCH = YES;
				"CODE_SIGN_IDENTITY[sdk=iphoneos*]" = "iPhone Developer";
				COPY_PHASE_STRIP = NO;
				GCC_C_LANGUAGE_STANDARD = gnu99;
				GCC_DYNAMIC_NO_PIC = NO;
				GCC_OPTIMIZATION_LEVEL = 0;
				GCC_PREPROCESSOR_DEFINITIONS = (
					"DEBUG=1",
					"$(inherited)",
				);
				GCC_SYMBOLS_PRIVATE_EXTERN = NO;
				GCC_WARN_64_TO_32_BIT_CONVERSION = YES;
				GCC_WARN_ABOUT_RETURN_TYPE = YES_ERROR;
				GCC_WARN_UNDECLARED_SELECTOR = YES;
				GCC_WARN_UNINITIALIZED_AUTOS = YES;
				GCC_WARN_UNUSED_FUNCTION = YES;
				GCC_WARN_UNUSED_VARIABLE = YES;
				IPHONEOS_DEPLOYMENT_TARGET = 7.0;
				ONLY_ACTIVE_ARCH = YES;
				SDKROOT = iphoneos;
				SKIP_INSTALL = NO;
			};
			name = Debug;
		};
		BCF2E34418A3395A00906E47 /* Release */ = {
			isa = XCBuildConfiguration;
			buildSettings = {
				ALWAYS_SEARCH_USER_PATHS = NO;
				ARCHS = "$(ARCHS_STANDARD_INCLUDING_64_BIT)";
				CLANG_CXX_LANGUAGE_STANDARD = "gnu++0x";
				CLANG_CXX_LIBRARY = "libc++";
				CLANG_ENABLE_MODULES = YES;
				CLANG_ENABLE_OBJC_ARC = YES;
				CLANG_WARN_BOOL_CONVERSION = YES;
				CLANG_WARN_CONSTANT_CONVERSION = YES;
				CLANG_WARN_DIRECT_OBJC_ISA_USAGE = YES_ERROR;
				CLANG_WARN_EMPTY_BODY = YES;
				CLANG_WARN_ENUM_CONVERSION = YES;
				CLANG_WARN_INT_CONVERSION = YES;
				CLANG_WARN_OBJC_ROOT_CLASS = YES_ERROR;
				CLANG_WARN__DUPLICATE_METHOD_MATCH = YES;
				"CODE_SIGN_IDENTITY[sdk=iphoneos*]" = "iPhone Developer";
				COPY_PHASE_STRIP = YES;
				ENABLE_NS_ASSERTIONS = NO;
				GCC_C_LANGUAGE_STANDARD = gnu99;
				GCC_WARN_64_TO_32_BIT_CONVERSION = YES;
				GCC_WARN_ABOUT_RETURN_TYPE = YES_ERROR;
				GCC_WARN_UNDECLARED_SELECTOR = YES;
				GCC_WARN_UNINITIALIZED_AUTOS = YES;
				GCC_WARN_UNUSED_FUNCTION = YES;
				GCC_WARN_UNUSED_VARIABLE = YES;
				IPHONEOS_DEPLOYMENT_TARGET = 7.0;
				SDKROOT = iphoneos;
				SKIP_INSTALL = NO;
				VALIDATE_PRODUCT = YES;
			};
			name = Release;
		};
		BCF2E34618A3395A00906E47 /* Debug */ = {
			isa = XCBuildConfiguration;
			buildSettings = {
				ASSETCATALOG_COMPILER_APPICON_NAME = AppIcon;
				ASSETCATALOG_COMPILER_LAUNCHIMAGE_NAME = LaunchImage;
				GCC_PRECOMPILE_PREFIX_HEADER = YES;
				GCC_PREFIX_HEADER = "Examples/LKDateUtility-Prefix.pch";
				INFOPLIST_FILE = "Examples/LKDateUtility-Info.plist";
				PRODUCT_NAME = "$(TARGET_NAME)";
				WRAPPER_EXTENSION = app;
			};
			name = Debug;
		};
		BCF2E34718A3395A00906E47 /* Release */ = {
			isa = XCBuildConfiguration;
			buildSettings = {
				ASSETCATALOG_COMPILER_APPICON_NAME = AppIcon;
				ASSETCATALOG_COMPILER_LAUNCHIMAGE_NAME = LaunchImage;
				GCC_PRECOMPILE_PREFIX_HEADER = YES;
				GCC_PREFIX_HEADER = "Examples/LKDateUtility-Prefix.pch";
				INFOPLIST_FILE = "Examples/LKDateUtility-Info.plist";
				PRODUCT_NAME = "$(TARGET_NAME)";
				WRAPPER_EXTENSION = app;
			};
			name = Release;
		};
		BCF2E34918A3395A00906E47 /* Debug */ = {
			isa = XCBuildConfiguration;
			buildSettings = {
				ARCHS = "$(ARCHS_STANDARD_INCLUDING_64_BIT)";
				BUNDLE_LOADER = "$(BUILT_PRODUCTS_DIR)/LKDateUtility.app/LKDateUtility";
				FRAMEWORK_SEARCH_PATHS = (
					"$(SDKROOT)/Developer/Library/Frameworks",
					"$(inherited)",
					"$(DEVELOPER_FRAMEWORKS_DIR)",
				);
				GCC_PRECOMPILE_PREFIX_HEADER = YES;
				GCC_PREFIX_HEADER = "Examples/LKDateUtility-Prefix.pch";
				GCC_PREPROCESSOR_DEFINITIONS = (
					"DEBUG=1",
					"$(inherited)",
				);
				INFOPLIST_FILE = "Tests/LKDateUtilityTests-Info.plist";
				PRODUCT_NAME = "$(TARGET_NAME)";
				TEST_HOST = "$(BUNDLE_LOADER)";
				WRAPPER_EXTENSION = xctest;
			};
			name = Debug;
		};
		BCF2E34A18A3395A00906E47 /* Release */ = {
			isa = XCBuildConfiguration;
			buildSettings = {
				ARCHS = "$(ARCHS_STANDARD_INCLUDING_64_BIT)";
				BUNDLE_LOADER = "$(BUILT_PRODUCTS_DIR)/LKDateUtility.app/LKDateUtility";
				FRAMEWORK_SEARCH_PATHS = (
					"$(SDKROOT)/Developer/Library/Frameworks",
					"$(inherited)",
					"$(DEVELOPER_FRAMEWORKS_DIR)",
				);
				GCC_PRECOMPILE_PREFIX_HEADER = YES;
				GCC_PREFIX_HEADER = "Examples/LKDateUtility-Prefix.pch";
				INFOPLIST_FILE = "Tests/LKDateUtilityTests-Info.plist";
				PRODUCT_NAME = "$(TARGET_NAME)";
				TEST_HOST = "$(BUNDLE_LOADER)";
				WRAPPER_EXTENSION = xctest;
			};
			name = Release;
		};
/* End XCBuildConfiguration section */

/* Begin XCConfigurationList section */
		BC43800D18A9876000E268E8 /* Build configuration list for PBXNativeTarget "LKDateUtility-Resources" */ = {
			isa = XCConfigurationList;
			buildConfigurations = (
				BC43800E18A9876000E268E8 /* Debug */,
				BC43800F18A9876000E268E8 /* Release */,
			);
			defaultConfigurationIsVisible = 0;
		};
		BCF2E31418A3395A00906E47 /* Build configuration list for PBXProject "LKDateUtility" */ = {
			isa = XCConfigurationList;
			buildConfigurations = (
				BCF2E34318A3395A00906E47 /* Debug */,
				BCF2E34418A3395A00906E47 /* Release */,
			);
			defaultConfigurationIsVisible = 0;
			defaultConfigurationName = Release;
		};
		BCF2E34518A3395A00906E47 /* Build configuration list for PBXNativeTarget "LKDateUtility" */ = {
			isa = XCConfigurationList;
			buildConfigurations = (
				BCF2E34618A3395A00906E47 /* Debug */,
				BCF2E34718A3395A00906E47 /* Release */,
			);
			defaultConfigurationIsVisible = 0;
			defaultConfigurationName = Release;
		};
		BCF2E34818A3395A00906E47 /* Build configuration list for PBXNativeTarget "LKDateUtilityTests" */ = {
			isa = XCConfigurationList;
			buildConfigurations = (
				BCF2E34918A3395A00906E47 /* Debug */,
				BCF2E34A18A3395A00906E47 /* Release */,
			);
			defaultConfigurationIsVisible = 0;
			defaultConfigurationName = Release;
		};
/* End XCConfigurationList section */
	};
	rootObject = BCF2E31118A3395A00906E47 /* Project object */;
}
